
Microsoft Visual Studio Solution File, Format Version 12.00
# Visual Studio Version 17
VisualStudioVersion = 17.7.34202.233
MinimumVisualStudioVersion = 10.0.40219.1
Project("{FAE04EC0-301F-11D3-BF4B-00C04F79EFBC}") = "Monefy", "Monefy.csproj", "{AB7699F6-6D50-4F5A-85F4-6578815A945C}"
EndProject
Global
	GlobalSection(SolutionConfigurationPlatforms) = preSolution
		Debug|Any CPU = Debug|Any CPU
		Release|Any CPU = Release|Any CPU
	EndGlobalSection
	GlobalSection(ProjectConfigurationPlatforms) = postSolution
		{AB7699F6-6D50-4F5A-85F4-6578815A945C}.Debug|Any CPU.ActiveCfg = Debug|Any CPU
		{AB7699F6-6D50-4F5A-85F4-6578815A945C}.Debug|Any CPU.Build.0 = Debug|Any CPU
		{AB7699F6-6D50-4F5A-85F4-6578815A945C}.Release|Any CPU.ActiveCfg = Release|Any CPU
		{AB7699F6-6D50-4F5A-85F4-6578815A945C}.Release|Any CPU.Build.0 = Release|Any CPU
	EndGlobalSection
	GlobalSection(SolutionProperties) = preSolution
		HideSolutionNode = FALSE
	EndGlobalSection
	GlobalSection(ExtensibilityGlobals) = postSolution
		SolutionGuid = {11D9A0CF-52CD-4C1A-9FA2-B84BF8ABB3F4}
	EndGlobalSection
EndGlobal
